{
  "version": 4,
  "terraform_version": "1.14.0",
  "serial": 4,
  "lineage": "ea4d384f-d37b-fc8d-9df7-65c2574e6400",
  "outputs": {},
  "resources": [
    {
      "mode": "managed",
      "type": "github_repository",
      "name": "architecture_cloud",
      "provider": "provider[\"registry.terraform.io/integrations/github\"]",
      "instances": [
        {
          "schema_version": 1,
          "attributes": {
            "allow_auto_merge": false,
            "allow_merge_commit": true,
            "allow_rebase_merge": true,
            "allow_squash_merge": true,
            "allow_update_branch": false,
            "archive_on_destroy": null,
            "archived": false,
            "auto_init": true,
            "default_branch": "main",
            "delete_branch_on_merge": false,
            "description": "Repo créé automatiquement avec Terraform",
            "etag": "W/\"38b859aa845cdf851f717cc740525f6df48401d748bbfc3ead8b9880235ce074\"",
            "fork": false,
            "full_name": "Nino-YM/terraform-demo-yanis",
            "git_clone_url": "git://github.com/Nino-YM/terraform-demo-yanis.git",
            "gitignore_template": null,
            "has_discussions": false,
            "has_downloads": false,
            "has_issues": true,
            "has_projects": false,
            "has_wiki": false,
            "homepage_url": "",
            "html_url": "https://github.com/Nino-YM/terraform-demo-yanis",
            "http_clone_url": "https://github.com/Nino-YM/terraform-demo-yanis.git",
            "id": "terraform-demo-yanis",
            "ignore_vulnerability_alerts_during_read": null,
            "is_template": false,
            "license_template": null,
            "merge_commit_message": "PR_TITLE",
            "merge_commit_title": "MERGE_MESSAGE",
            "name": "terraform-demo-yanis",
            "node_id": "R_kgDOQeBspA",
            "pages": [],
            "primary_language": "",
            "private": false,
            "repo_id": 1105226916,
            "security_and_analysis": [
              {
                "advanced_security": [],
                "secret_scanning": [
                  {
                    "status": "enabled"
                  }
                ],
                "secret_scanning_push_protection": [
                  {
                    "status": "enabled"
                  }
                ]
              }
            ],
            "source_owner": "",
            "source_repo": "",
            "squash_merge_commit_message": "COMMIT_MESSAGES",
            "squash_merge_commit_title": "COMMIT_OR_PR_TITLE",
            "ssh_clone_url": "git@github.com:Nino-YM/terraform-demo-yanis.git",
            "svn_url": "https://github.com/Nino-YM/terraform-demo-yanis",
            "template": [],
            "topics": [],
            "visibility": "public",
            "vulnerability_alerts": false,
            "web_commit_signoff_required": false
          },
          "sensitive_attributes": [],
          "identity_schema_version": 0,
          "private": "eyJzY2hlbWFfdmVyc2lvbiI6IjEifQ=="
        }
      ]
    }
  ],
  "check_results": null
}
